
Microsoft Visual Studio Solution File, Format Version 12.00
# Visual Studio Version 17
VisualStudioVersion = 17.14.36119.2 d17.14
MinimumVisualStudioVersion = 10.0.40219.1
Project("{FAE04EC0-301F-11D3-BF4B-00C04F79EFBC}") = "project", "project\project.csproj", "{4D73D927-1D63-4943-9FED-03EB8D804259}"
EndProject
Global
	GlobalSection(SolutionConfigurationPlatforms) = preSolution
		Debug|Any CPU = Debug|Any CPU
		Release|Any CPU = Release|Any CPU
	EndGlobalSection
	GlobalSection(ProjectConfigurationPlatforms) = postSolution
		{4D73D927-1D63-4943-9FED-03EB8D804259}.Debug|Any CPU.ActiveCfg = Debug|Any CPU
		{4D73D927-1D63-4943-9FED-03EB8D804259}.Debug|Any CPU.Build.0 = Debug|Any CPU
		{4D73D927-1D63-4943-9FED-03EB8D804259}.Release|Any CPU.ActiveCfg = Release|Any CPU
		{4D73D927-1D63-4943-9FED-03EB8D804259}.Release|Any CPU.Build.0 = Release|Any CPU
	EndGlobalSection
	GlobalSection(SolutionProperties) = preSolution
		HideSolutionNode = FALSE
	EndGlobalSection
	GlobalSection(ExtensibilityGlobals) = postSolution
		SolutionGuid = {D31B5D1A-C6B6-4E91-99AF-69D6D576D497}
	EndGlobalSection
EndGlobal
